// !$*UTF8*$!
{
	archiveVersion = 1;
	classes = {
	};
	objectVersion = 56;
	objects = {

/* Begin PBXBuildFile section */
		FA005B1A2AA5EA1600639755 /* ContentView.swift in Sources */ = {isa = PBXBuildFile; fileRef = FA005B192AA5EA1600639755 /* ContentView.swift */; };
		FA005B1C2AA5EAD000639755 /* C2CApp.swift in Sources */ = {isa = PBXBuildFile; fileRef = FA005B1B2AA5EAD000639755 /* C2CApp.swift */; };
		FA005B242AA6129E00639755 /* FirebaseAnalytics in Frameworks */ = {isa = PBXBuildFile; productRef = FA005B232AA6129E00639755 /* FirebaseAnalytics */; };
		FA005B262AA6129E00639755 /* FirebaseAnalyticsSwift in Frameworks */ = {isa = PBXBuildFile; productRef = FA005B252AA6129E00639755 /* FirebaseAnalyticsSwift */; };
		FA005B282AA616F500639755 /* AuthenticationView.swift in Sources */ = {isa = PBXBuildFile; fileRef = FA005B272AA616F500639755 /* AuthenticationView.swift */; };
		FA005B2A2AA6184000639755 /* SignInEmailView.swift in Sources */ = {isa = PBXBuildFile; fileRef = FA005B292AA6183F00639755 /* SignInEmailView.swift */; };
		FA005B2C2AA61A7000639755 /* AthenticationManager.swift in Sources */ = {isa = PBXBuildFile; fileRef = FA005B2B2AA61A7000639755 /* AthenticationManager.swift */; };
		FA005B2E2AA6200700639755 /* RootView.swift in Sources */ = {isa = PBXBuildFile; fileRef = FA005B2D2AA6200700639755 /* RootView.swift */; };
		FA005B302AA6277900639755 /* SettingsView.swift in Sources */ = {isa = PBXBuildFile; fileRef = FA005B2F2AA6277900639755 /* SettingsView.swift */; };
		FA005B322AA65A0900639755 /* FirebaseFirestoreSwift in Frameworks */ = {isa = PBXBuildFile; productRef = FA005B312AA65A0900639755 /* FirebaseFirestoreSwift */; };
		FA005B342AA65AD100639755 /* SettingsViewModel.swift in Sources */ = {isa = PBXBuildFile; fileRef = FA005B332AA65AD100639755 /* SettingsViewModel.swift */; };
		FA005B362AA65C4400639755 /* ProfileView.swift in Sources */ = {isa = PBXBuildFile; fileRef = FA005B352AA65C4400639755 /* ProfileView.swift */; };
		FA005B382AA65C5A00639755 /* PofileViewModel.swift in Sources */ = {isa = PBXBuildFile; fileRef = FA005B372AA65C5A00639755 /* PofileViewModel.swift */; };
		FA005B3B2AA6FFEB00639755 /* AuthenticationViewModel.swift in Sources */ = {isa = PBXBuildFile; fileRef = FA005B3A2AA6FFEB00639755 /* AuthenticationViewModel.swift */; };
		FA005B3F2AA700C000639755 /* UserManager.swift in Sources */ = {isa = PBXBuildFile; fileRef = FA005B3E2AA700C000639755 /* UserManager.swift */; };
		FA005B412AA7055100639755 /* SignInEmailViewModel.swift in Sources */ = {isa = PBXBuildFile; fileRef = FA005B402AA7055100639755 /* SignInEmailViewModel.swift */; };
		FA93659C2AA3596000926D66 /* Assets.xcassets in Resources */ = {isa = PBXBuildFile; fileRef = FA93659B2AA3596000926D66 /* Assets.xcassets */; };
		FA93659F2AA3596000926D66 /* Preview Assets.xcassets in Resources */ = {isa = PBXBuildFile; fileRef = FA93659E2AA3596000926D66 /* Preview Assets.xcassets */; };
		FA9365A92AA35C9500926D66 /* FirebaseAuth in Frameworks */ = {isa = PBXBuildFile; productRef = FA9365A82AA35C9500926D66 /* FirebaseAuth */; };
		FA9365AB2AA35C9500926D66 /* FirebaseDatabase in Frameworks */ = {isa = PBXBuildFile; productRef = FA9365AA2AA35C9500926D66 /* FirebaseDatabase */; };
		FA9365AD2AA35C9500926D66 /* FirebaseFirestore in Frameworks */ = {isa = PBXBuildFile; productRef = FA9365AC2AA35C9500926D66 /* FirebaseFirestore */; };
		FA9365B12AA35C9500926D66 /* FirebaseStorage in Frameworks */ = {isa = PBXBuildFile; productRef = FA9365B02AA35C9500926D66 /* FirebaseStorage */; };
		FA9365BA2AA3605F00926D66 /* GoogleService-Info.plist in Resources */ = {isa = PBXBuildFile; fileRef = FA9365B92AA3605E00926D66 /* GoogleService-Info.plist */; };
/* End PBXBuildFile section */

/* Begin PBXFileReference section */
		FA005B192AA5EA1600639755 /* ContentView.swift */ = {isa = PBXFileReference; lastKnownFileType = sourcecode.swift; path = ContentView.swift; sourceTree = "<group>"; };
		FA005B1B2AA5EAD000639755 /* C2CApp.swift */ = {isa = PBXFileReference; lastKnownFileType = sourcecode.swift; path = C2CApp.swift; sourceTree = "<group>"; };
		FA005B272AA616F500639755 /* AuthenticationView.swift */ = {isa = PBXFileReference; lastKnownFileType = sourcecode.swift; path = AuthenticationView.swift; sourceTree = "<group>"; };
		FA005B292AA6183F00639755 /* SignInEmailView.swift */ = {isa = PBXFileReference; lastKnownFileType = sourcecode.swift; path = SignInEmailView.swift; sourceTree = "<group>"; };
		FA005B2B2AA61A7000639755 /* AthenticationManager.swift */ = {isa = PBXFileReference; lastKnownFileType = sourcecode.swift; path = AthenticationManager.swift; sourceTree = "<group>"; };
		FA005B2D2AA6200700639755 /* RootView.swift */ = {isa = PBXFileReference; lastKnownFileType = sourcecode.swift; path = RootView.swift; sourceTree = "<group>"; };
		FA005B2F2AA6277900639755 /* SettingsView.swift */ = {isa = PBXFileReference; lastKnownFileType = sourcecode.swift; path = SettingsView.swift; sourceTree = "<group>"; };
		FA005B332AA65AD100639755 /* SettingsViewModel.swift */ = {isa = PBXFileReference; lastKnownFileType = sourcecode.swift; path = SettingsViewModel.swift; sourceTree = "<group>"; };
		FA005B352AA65C4400639755 /* ProfileView.swift */ = {isa = PBXFileReference; lastKnownFileType = sourcecode.swift; path = ProfileView.swift; sourceTree = "<group>"; };
		FA005B372AA65C5A00639755 /* PofileViewModel.swift */ = {isa = PBXFileReference; lastKnownFileType = sourcecode.swift; path = PofileViewModel.swift; sourceTree = "<group>"; };
		FA005B3A2AA6FFEB00639755 /* AuthenticationViewModel.swift */ = {isa = PBXFileReference; lastKnownFileType = sourcecode.swift; path = AuthenticationViewModel.swift; sourceTree = "<group>"; };
		FA005B3E2AA700C000639755 /* UserManager.swift */ = {isa = PBXFileReference; lastKnownFileType = sourcecode.swift; path = UserManager.swift; sourceTree = "<group>"; };
		FA005B402AA7055100639755 /* SignInEmailViewModel.swift */ = {isa = PBXFileReference; lastKnownFileType = sourcecode.swift; path = SignInEmailViewModel.swift; sourceTree = "<group>"; };
		FA9365942AA3595E00926D66 /* C2C.app */ = {isa = PBXFileReference; explicitFileType = wrapper.application; includeInIndex = 0; path = C2C.app; sourceTree = BUILT_PRODUCTS_DIR; };
		FA93659B2AA3596000926D66 /* Assets.xcassets */ = {isa = PBXFileReference; lastKnownFileType = folder.assetcatalog; path = Assets.xcassets; sourceTree = "<group>"; };
		FA93659E2AA3596000926D66 /* Preview Assets.xcassets */ = {isa = PBXFileReference; lastKnownFileType = folder.assetcatalog; path = "Preview Assets.xcassets"; sourceTree = "<group>"; };
		FA9365B92AA3605E00926D66 /* GoogleService-Info.plist */ = {isa = PBXFileReference; fileEncoding = 4; lastKnownFileType = text.plist.xml; path = "GoogleService-Info.plist"; sourceTree = "<group>"; };
/* End PBXFileReference section */

/* Begin PBXFrameworksBuildPhase section */
		FA9365912AA3595E00926D66 /* Frameworks */ = {
			isa = PBXFrameworksBuildPhase;
			buildActionMask = 2147483647;
			files = (
				FA005B262AA6129E00639755 /* FirebaseAnalyticsSwift in Frameworks */,
				FA9365AB2AA35C9500926D66 /* FirebaseDatabase in Frameworks */,
				FA9365A92AA35C9500926D66 /* FirebaseAuth in Frameworks */,
				FA005B322AA65A0900639755 /* FirebaseFirestoreSwift in Frameworks */,
				FA9365AD2AA35C9500926D66 /* FirebaseFirestore in Frameworks */,
				FA005B242AA6129E00639755 /* FirebaseAnalytics in Frameworks */,
				FA9365B12AA35C9500926D66 /* FirebaseStorage in Frameworks */,
			);
			runOnlyForDeploymentPostprocessing = 0;
		};
/* End PBXFrameworksBuildPhase section */

/* Begin PBXGroup section */
		FA005B1D2AA5EE4300639755 /* Views */ = {
			isa = PBXGroup;
			children = (
				FA005B2D2AA6200700639755 /* RootView.swift */,
				FA005B192AA5EA1600639755 /* ContentView.swift */,
				FA005B272AA616F500639755 /* AuthenticationView.swift */,
				FA005B292AA6183F00639755 /* SignInEmailView.swift */,
				FA005B2F2AA6277900639755 /* SettingsView.swift */,
				FA005B352AA65C4400639755 /* ProfileView.swift */,
				FA93659B2AA3596000926D66 /* Assets.xcassets */,
			);
			path = Views;
			sourceTree = "<group>";
		};
		FA005B202AA5F6FB00639755 /* Models */ = {
			isa = PBXGroup;
			children = (
			);
			path = Models;
			sourceTree = "<group>";
		};
		FA005B212AA5F70400639755 /* ViewModels */ = {
			isa = PBXGroup;
			children = (
				FA005B332AA65AD100639755 /* SettingsViewModel.swift */,
				FA005B372AA65C5A00639755 /* PofileViewModel.swift */,
				FA005B3A2AA6FFEB00639755 /* AuthenticationViewModel.swift */,
				FA005B402AA7055100639755 /* SignInEmailViewModel.swift */,
			);
			path = ViewModels;
			sourceTree = "<group>";
		};
		FA005B222AA6129E00639755 /* Frameworks */ = {
			isa = PBXGroup;
			children = (
			);
			name = Frameworks;
			sourceTree = "<group>";
		};
		FA005B3C2AA7007D00639755 /* Managers */ = {
			isa = PBXGroup;
			children = (
				FA005B2B2AA61A7000639755 /* AthenticationManager.swift */,
				FA005B3E2AA700C000639755 /* UserManager.swift */,
			);
			path = Managers;
			sourceTree = "<group>";
		};
		FA93658B2AA3595E00926D66 = {
			isa = PBXGroup;
			children = (
				FA9365962AA3595E00926D66 /* C2C */,
				FA9365952AA3595E00926D66 /* Products */,
				FA005B222AA6129E00639755 /* Frameworks */,
			);
			sourceTree = "<group>";
		};
		FA9365952AA3595E00926D66 /* Products */ = {
			isa = PBXGroup;
			children = (
				FA9365942AA3595E00926D66 /* C2C.app */,
			);
			name = Products;
			sourceTree = "<group>";
		};
		FA9365962AA3595E00926D66 /* C2C */ = {
			isa = PBXGroup;
			children = (
				FA005B3C2AA7007D00639755 /* Managers */,
				FA005B1B2AA5EAD000639755 /* C2CApp.swift */,
				FA005B202AA5F6FB00639755 /* Models */,
				FA005B212AA5F70400639755 /* ViewModels */,
				FA005B1D2AA5EE4300639755 /* Views */,
				FA9365B92AA3605E00926D66 /* GoogleService-Info.plist */,
				FA93659D2AA3596000926D66 /* Preview Content */,
			);
			path = C2C;
			sourceTree = "<group>";
		};
		FA93659D2AA3596000926D66 /* Preview Content */ = {
			isa = PBXGroup;
			children = (
				FA93659E2AA3596000926D66 /* Preview Assets.xcassets */,
			);
			path = "Preview Content";
			sourceTree = "<group>";
		};
/* End PBXGroup section */

/* Begin PBXNativeTarget section */
		FA9365932AA3595E00926D66 /* C2C */ = {
			isa = PBXNativeTarget;
			buildConfigurationList = FA9365A22AA3596000926D66 /* Build configuration list for PBXNativeTarget "C2C" */;
			buildPhases = (
				FA9365902AA3595E00926D66 /* Sources */,
				FA9365912AA3595E00926D66 /* Frameworks */,
				FA9365922AA3595E00926D66 /* Resources */,
			);
			buildRules = (
			);
			dependencies = (
			);
			name = C2C;
			packageProductDependencies = (
				FA9365A82AA35C9500926D66 /* FirebaseAuth */,
				FA9365AA2AA35C9500926D66 /* FirebaseDatabase */,
				FA9365AC2AA35C9500926D66 /* FirebaseFirestore */,
				FA9365B02AA35C9500926D66 /* FirebaseStorage */,
				FA005B232AA6129E00639755 /* FirebaseAnalytics */,
				FA005B252AA6129E00639755 /* FirebaseAnalyticsSwift */,
				FA005B312AA65A0900639755 /* FirebaseFirestoreSwift */,
			);
			productName = C2C;
			productReference = FA9365942AA3595E00926D66 /* C2C.app */;
			productType = "com.apple.product-type.application";
		};
/* End PBXNativeTarget section */

/* Begin PBXProject section */
		FA93658C2AA3595E00926D66 /* Project object */ = {
			isa = PBXProject;
			attributes = {
				BuildIndependentTargetsInParallel = 1;
				LastSwiftUpdateCheck = 1430;
				LastUpgradeCheck = 1430;
				TargetAttributes = {
					FA9365932AA3595E00926D66 = {
						CreatedOnToolsVersion = 14.3.1;
						LastSwiftMigration = 1430;
					};
				};
			};
			buildConfigurationList = FA93658F2AA3595E00926D66 /* Build configuration list for PBXProject "C2C" */;
			compatibilityVersion = "Xcode 14.0";
			developmentRegion = en;
			hasScannedForEncodings = 0;
			knownRegions = (
				en,
				Base,
			);
			mainGroup = FA93658B2AA3595E00926D66;
			packageReferences = (
				FA9365A72AA35C9500926D66 /* XCRemoteSwiftPackageReference "firebase-ios-sdk" */,
			);
			productRefGroup = FA9365952AA3595E00926D66 /* Products */;
			projectDirPath = "";
			projectRoot = "";
			targets = (
				FA9365932AA3595E00926D66 /* C2C */,
			);
		};
/* End PBXProject section */

/* Begin PBXResourcesBuildPhase section */
		FA9365922AA3595E00926D66 /* Resources */ = {
			isa = PBXResourcesBuildPhase;
			buildActionMask = 2147483647;
			files = (
				FA93659F2AA3596000926D66 /* Preview Assets.xcassets in Resources */,
				FA93659C2AA3596000926D66 /* Assets.xcassets in Resources */,
				FA9365BA2AA3605F00926D66 /* GoogleService-Info.plist in Resources */,
			);
			runOnlyForDeploymentPostprocessing = 0;
		};
/* End PBXResourcesBuildPhase section */

/* Begin PBXSourcesBuildPhase section */
		FA9365902AA3595E00926D66 /* Sources */ = {
			isa = PBXSourcesBuildPhase;
			buildActionMask = 2147483647;
			files = (
				FA005B1C2AA5EAD000639755 /* C2CApp.swift in Sources */,
				FA005B382AA65C5A00639755 /* PofileViewModel.swift in Sources */,
				FA005B362AA65C4400639755 /* ProfileView.swift in Sources */,
				FA005B1A2AA5EA1600639755 /* ContentView.swift in Sources */,
				FA005B3B2AA6FFEB00639755 /* AuthenticationViewModel.swift in Sources */,
				FA005B412AA7055100639755 /* SignInEmailViewModel.swift in Sources */,
				FA005B2E2AA6200700639755 /* RootView.swift in Sources */,
				FA005B3F2AA700C000639755 /* UserManager.swift in Sources */,
				FA005B282AA616F500639755 /* AuthenticationView.swift in Sources */,
				FA005B2C2AA61A7000639755 /* AthenticationManager.swift in Sources */,
				FA005B302AA6277900639755 /* SettingsView.swift in Sources */,
				FA005B342AA65AD100639755 /* SettingsViewModel.swift in Sources */,
				FA005B2A2AA6184000639755 /* SignInEmailView.swift in Sources */,
			);
			runOnlyForDeploymentPostprocessing = 0;
		};
/* End PBXSourcesBuildPhase section */

/* Begin XCBuildConfiguration section */
		FA9365A02AA3596000926D66 /* Debug */ = {
			isa = XCBuildConfiguration;
			buildSettings = {
				ALWAYS_SEARCH_USER_PATHS = NO;
				CLANG_ANALYZER_NONNULL = YES;
				CLANG_ANALYZER_NUMBER_OBJECT_CONVERSION = YES_AGGRESSIVE;
				CLANG_CXX_LANGUAGE_STANDARD = "gnu++20";
				CLANG_ENABLE_MODULES = YES;
				CLANG_ENABLE_OBJC_ARC = YES;
				CLANG_ENABLE_OBJC_WEAK = YES;
				CLANG_WARN_BLOCK_CAPTURE_AUTORELEASING = YES;
				CLANG_WARN_BOOL_CONVERSION = YES;
				CLANG_WARN_COMMA = YES;
				CLANG_WARN_CONSTANT_CONVERSION = YES;
				CLANG_WARN_DEPRECATED_OBJC_IMPLEMENTATIONS = YES;
				CLANG_WARN_DIRECT_OBJC_ISA_USAGE = YES_ERROR;
				CLANG_WARN_DOCUMENTATION_COMMENTS = YES;
				CLANG_WARN_EMPTY_BODY = YES;
				CLANG_WARN_ENUM_CONVERSION = YES;
				CLANG_WARN_INFINITE_RECURSION = YES;
				CLANG_WARN_INT_CONVERSION = YES;
				CLANG_WARN_NON_LITERAL_NULL_CONVERSION = YES;
				CLANG_WARN_OBJC_IMPLICIT_RETAIN_SELF = YES;
				CLANG_WARN_OBJC_LITERAL_CONVERSION = YES;
				CLANG_WARN_OBJC_ROOT_CLASS = YES_ERROR;
				CLANG_WARN_QUOTED_INCLUDE_IN_FRAMEWORK_HEADER = YES;
				CLANG_WARN_RANGE_LOOP_ANALYSIS = YES;
				CLANG_WARN_STRICT_PROTOTYPES = YES;
				CLANG_WARN_SUSPICIOUS_MOVE = YES;
				CLANG_WARN_UNGUARDED_AVAILABILITY = YES_AGGRESSIVE;
				CLANG_WARN_UNREACHABLE_CODE = YES;
				CLANG_WARN__DUPLICATE_METHOD_MATCH = YES;
				COPY_PHASE_STRIP = NO;
				DEBUG_INFORMATION_FORMAT = dwarf;
				ENABLE_STRICT_OBJC_MSGSEND = YES;
				ENABLE_TESTABILITY = YES;
				GCC_C_LANGUAGE_STANDARD = gnu11;
				GCC_DYNAMIC_NO_PIC = NO;
				GCC_NO_COMMON_BLOCKS = YES;
				GCC_OPTIMIZATION_LEVEL = 0;
				GCC_PREPROCESSOR_DEFINITIONS = (
					"DEBUG=1",
					"$(inherited)",
				);
				GCC_WARN_64_TO_32_BIT_CONVERSION = YES;
				GCC_WARN_ABOUT_RETURN_TYPE = YES_ERROR;
				GCC_WARN_UNDECLARED_SELECTOR = YES;
				GCC_WARN_UNINITIALIZED_AUTOS = YES_AGGRESSIVE;
				GCC_WARN_UNUSED_FUNCTION = YES;
				GCC_WARN_UNUSED_VARIABLE = YES;
				IPHONEOS_DEPLOYMENT_TARGET = 16.4;
				MTL_ENABLE_DEBUG_INFO = INCLUDE_SOURCE;
				MTL_FAST_MATH = YES;
				ONLY_ACTIVE_ARCH = YES;
				SDKROOT = iphoneos;
				SWIFT_ACTIVE_COMPILATION_CONDITIONS = DEBUG;
				SWIFT_OPTIMIZATION_LEVEL = "-Onone";
			};
			name = Debug;
		};
		FA9365A12AA3596000926D66 /* Release */ = {
			isa = XCBuildConfiguration;
			buildSettings = {
				ALWAYS_SEARCH_USER_PATHS = NO;
				CLANG_ANALYZER_NONNULL = YES;
				CLANG_ANALYZER_NUMBER_OBJECT_CONVERSION = YES_AGGRESSIVE;
				CLANG_CXX_LANGUAGE_STANDARD = "gnu++20";
				CLANG_ENABLE_MODULES = YES;
				CLANG_ENABLE_OBJC_ARC = YES;
				CLANG_ENABLE_OBJC_WEAK = YES;
				CLANG_WARN_BLOCK_CAPTURE_AUTORELEASING = YES;
				CLANG_WARN_BOOL_CONVERSION = YES;
				CLANG_WARN_COMMA = YES;
				CLANG_WARN_CONSTANT_CONVERSION = YES;
				CLANG_WARN_DEPRECATED_OBJC_IMPLEMENTATIONS = YES;
				CLANG_WARN_DIRECT_OBJC_ISA_USAGE = YES_ERROR;
				CLANG_WARN_DOCUMENTATION_COMMENTS = YES;
				CLANG_WARN_EMPTY_BODY = YES;
				CLANG_WARN_ENUM_CONVERSION = YES;
				CLANG_WARN_INFINITE_RECURSION = YES;
				CLANG_WARN_INT_CONVERSION = YES;
				CLANG_WARN_NON_LITERAL_NULL_CONVERSION = YES;
				CLANG_WARN_OBJC_IMPLICIT_RETAIN_SELF = YES;
				CLANG_WARN_OBJC_LITERAL_CONVERSION = YES;
				CLANG_WARN_OBJC_ROOT_CLASS = YES_ERROR;
				CLANG_WARN_QUOTED_INCLUDE_IN_FRAMEWORK_HEADER = YES;
				CLANG_WARN_RANGE_LOOP_ANALYSIS = YES;
				CLANG_WARN_STRICT_PROTOTYPES = YES;
				CLANG_WARN_SUSPICIOUS_MOVE = YES;
				CLANG_WARN_UNGUARDED_AVAILABILITY = YES_AGGRESSIVE;
				CLANG_WARN_UNREACHABLE_CODE = YES;
				CLANG_WARN__DUPLICATE_METHOD_MATCH = YES;
				COPY_PHASE_STRIP = NO;
				DEBUG_INFORMATION_FORMAT = "dwarf-with-dsym";
				ENABLE_NS_ASSERTIONS = NO;
				ENABLE_STRICT_OBJC_MSGSEND = YES;
				GCC_C_LANGUAGE_STANDARD = gnu11;
				GCC_NO_COMMON_BLOCKS = YES;
				GCC_WARN_64_TO_32_BIT_CONVERSION = YES;
				GCC_WARN_ABOUT_RETURN_TYPE = YES_ERROR;
				GCC_WARN_UNDECLARED_SELECTOR = YES;
				GCC_WARN_UNINITIALIZED_AUTOS = YES_AGGRESSIVE;
				GCC_WARN_UNUSED_FUNCTION = YES;
				GCC_WARN_UNUSED_VARIABLE = YES;
				IPHONEOS_DEPLOYMENT_TARGET = 16.4;
				MTL_ENABLE_DEBUG_INFO = NO;
				MTL_FAST_MATH = YES;
				SDKROOT = iphoneos;
				SWIFT_COMPILATION_MODE = wholemodule;
				SWIFT_OPTIMIZATION_LEVEL = "-O";
				VALIDATE_PRODUCT = YES;
			};
			name = Release;
		};
		FA9365A32AA3596000926D66 /* Debug */ = {
			isa = XCBuildConfiguration;
			buildSettings = {
				ASSETCATALOG_COMPILER_APPICON_NAME = AppIcon;
				ASSETCATALOG_COMPILER_GLOBAL_ACCENT_COLOR_NAME = AccentColor;
				ASSETCATALOG_COMPILER_INCLUDE_ALL_APPICON_ASSETS = YES;
				CLANG_ENABLE_MODULES = YES;
				CODE_SIGN_STYLE = Automatic;
				CURRENT_PROJECT_VERSION = 1;
				DEVELOPMENT_ASSET_PATHS = "\"C2C/Preview Content\"";
				DEVELOPMENT_TEAM = HC54499KAU;
				ENABLE_PREVIEWS = YES;
				GENERATE_INFOPLIST_FILE = YES;
				INFOPLIST_KEY_CFBundleDisplayName = Clock2Clock;
				INFOPLIST_KEY_UIApplicationSceneManifest_Generation = YES;
				INFOPLIST_KEY_UIApplicationSupportsIndirectInputEvents = YES;
				INFOPLIST_KEY_UILaunchScreen_Generation = YES;
				INFOPLIST_KEY_UISupportedInterfaceOrientations = "UIInterfaceOrientationLandscapeLeft UIInterfaceOrientationLandscapeRight UIInterfaceOrientationPortrait";
				INFOPLIST_KEY_UISupportedInterfaceOrientations_iPad = "UIInterfaceOrientationLandscapeLeft UIInterfaceOrientationLandscapeRight UIInterfaceOrientationPortrait UIInterfaceOrientationPortraitUpsideDown";
				IPHONEOS_DEPLOYMENT_TARGET = 16.0;
				LD_RUNPATH_SEARCH_PATHS = (
					"$(inherited)",
					"@executable_path/Frameworks",
				);
				MARKETING_VERSION = 1.0;
				PRODUCT_BUNDLE_IDENTIFIER = setisbeW.C2C;
				PRODUCT_NAME = "$(TARGET_NAME)";
				SUPPORTED_PLATFORMS = "iphoneos iphonesimulator";
				SUPPORTS_MACCATALYST = NO;
				SUPPORTS_MAC_DESIGNED_FOR_IPHONE_IPAD = NO;
				SWIFT_EMIT_LOC_STRINGS = YES;
				SWIFT_OPTIMIZATION_LEVEL = "-Onone";
				SWIFT_VERSION = 5.0;
				TARGETED_DEVICE_FAMILY = "1,2";
			};
			name = Debug;
		};
		FA9365A42AA3596000926D66 /* Release */ = {
			isa = XCBuildConfiguration;
			buildSettings = {
				ASSETCATALOG_COMPILER_APPICON_NAME = AppIcon;
				ASSETCATALOG_COMPILER_GLOBAL_ACCENT_COLOR_NAME = AccentColor;
				ASSETCATALOG_COMPILER_INCLUDE_ALL_APPICON_ASSETS = YES;
				CLANG_ENABLE_MODULES = YES;
				CODE_SIGN_STYLE = Automatic;
				CURRENT_PROJECT_VERSION = 1;
				DEVELOPMENT_ASSET_PATHS = "\"C2C/Preview Content\"";
				DEVELOPMENT_TEAM = HC54499KAU;
				ENABLE_PREVIEWS = YES;
				GENERATE_INFOPLIST_FILE = YES;
				INFOPLIST_KEY_CFBundleDisplayName = Clock2Clock;
				INFOPLIST_KEY_UIApplicationSceneManifest_Generation = YES;
				INFOPLIST_KEY_UIApplicationSupportsIndirectInputEvents = YES;
				INFOPLIST_KEY_UILaunchScreen_Generation = YES;
				INFOPLIST_KEY_UISupportedInterfaceOrientations = "UIInterfaceOrientationLandscapeLeft UIInterfaceOrientationLandscapeRight UIInterfaceOrientationPortrait";
				INFOPLIST_KEY_UISupportedInterfaceOrientations_iPad = "UIInterfaceOrientationLandscapeLeft UIInterfaceOrientationLandscapeRight UIInterfaceOrientationPortrait UIInterfaceOrientationPortraitUpsideDown";
				IPHONEOS_DEPLOYMENT_TARGET = 16.0;
				LD_RUNPATH_SEARCH_PATHS = (
					"$(inherited)",
					"@executable_path/Frameworks",
				);
				MARKETING_VERSION = 1.0;
				PRODUCT_BUNDLE_IDENTIFIER = setisbeW.C2C;
				PRODUCT_NAME = "$(TARGET_NAME)";
				SUPPORTED_PLATFORMS = "iphoneos iphonesimulator";
				SUPPORTS_MACCATALYST = NO;
				SUPPORTS_MAC_DESIGNED_FOR_IPHONE_IPAD = NO;
				SWIFT_EMIT_LOC_STRINGS = YES;
				SWIFT_VERSION = 5.0;
				TARGETED_DEVICE_FAMILY = "1,2";
			};
			name = Release;
		};
/* End XCBuildConfiguration section */

/* Begin XCConfigurationList section */
		FA93658F2AA3595E00926D66 /* Build configuration list for PBXProject "C2C" */ = {
			isa = XCConfigurationList;
			buildConfigurations = (
				FA9365A02AA3596000926D66 /* Debug */,
				FA9365A12AA3596000926D66 /* Release */,
			);
			defaultConfigurationIsVisible = 0;
			defaultConfigurationName = Release;
		};
		FA9365A22AA3596000926D66 /* Build configuration list for PBXNativeTarget "C2C" */ = {
			isa = XCConfigurationList;
			buildConfigurations = (
				FA9365A32AA3596000926D66 /* Debug */,
				FA9365A42AA3596000926D66 /* Release */,
			);
			defaultConfigurationIsVisible = 0;
			defaultConfigurationName = Release;
		};
/* End XCConfigurationList section */

/* Begin XCRemoteSwiftPackageReference section */
		FA9365A72AA35C9500926D66 /* XCRemoteSwiftPackageReference "firebase-ios-sdk" */ = {
			isa = XCRemoteSwiftPackageReference;
			repositoryURL = "https://github.com/firebase/firebase-ios-sdk.git";
			requirement = {
				kind = upToNextMajorVersion;
				minimumVersion = 10.0.0;
			};
		};
/* End XCRemoteSwiftPackageReference section */

/* Begin XCSwiftPackageProductDependency section */
		FA005B232AA6129E00639755 /* FirebaseAnalytics */ = {
			isa = XCSwiftPackageProductDependency;
			package = FA9365A72AA35C9500926D66 /* XCRemoteSwiftPackageReference "firebase-ios-sdk" */;
			productName = FirebaseAnalytics;
		};
		FA005B252AA6129E00639755 /* FirebaseAnalyticsSwift */ = {
			isa = XCSwiftPackageProductDependency;
			package = FA9365A72AA35C9500926D66 /* XCRemoteSwiftPackageReference "firebase-ios-sdk" */;
			productName = FirebaseAnalyticsSwift;
		};
		FA005B312AA65A0900639755 /* FirebaseFirestoreSwift */ = {
			isa = XCSwiftPackageProductDependency;
			package = FA9365A72AA35C9500926D66 /* XCRemoteSwiftPackageReference "firebase-ios-sdk" */;
			productName = FirebaseFirestoreSwift;
		};
		FA9365A82AA35C9500926D66 /* FirebaseAuth */ = {
			isa = XCSwiftPackageProductDependency;
			package = FA9365A72AA35C9500926D66 /* XCRemoteSwiftPackageReference "firebase-ios-sdk" */;
			productName = FirebaseAuth;
		};
		FA9365AA2AA35C9500926D66 /* FirebaseDatabase */ = {
			isa = XCSwiftPackageProductDependency;
			package = FA9365A72AA35C9500926D66 /* XCRemoteSwiftPackageReference "firebase-ios-sdk" */;
			productName = FirebaseDatabase;
		};
		FA9365AC2AA35C9500926D66 /* FirebaseFirestore */ = {
			isa = XCSwiftPackageProductDependency;
			package = FA9365A72AA35C9500926D66 /* XCRemoteSwiftPackageReference "firebase-ios-sdk" */;
			productName = FirebaseFirestore;
		};
		FA9365B02AA35C9500926D66 /* FirebaseStorage */ = {
			isa = XCSwiftPackageProductDependency;
			package = FA9365A72AA35C9500926D66 /* XCRemoteSwiftPackageReference "firebase-ios-sdk" */;
			productName = FirebaseStorage;
		};
/* End XCSwiftPackageProductDependency section */
	};
	rootObject = FA93658C2AA3595E00926D66 /* Project object */;
}
